<?xml version="1.0" encoding="utf-8"?>
<Project ToolsVersion="4.0" xmlns="http://schemas.microsoft.com/developer/msbuild/2003">
  <ItemGroup>
    <Filter Include="Source Files">
      <UniqueIdentifier>{4FC737F1-C7A5-4376-A066-2A32D752A2FF}</UniqueIdentifier>
      <Extensions>cpp;c;cc;cxx;def;odl;idl;hpj;bat;asm;asmx</Extensions>
    </Filter>
    <Filter Include="Header Files">
      <UniqueIdentifier>{93995380-89BD-4b04-88EB-625FBE52EBFB}</UniqueIdentifier>
      <Extensions>h;hpp;hxx;hm;inl;inc;xsd</Extensions>
    </Filter>
    <Filter Include="Resource Files">
      <UniqueIdentifier>{67DA6AB6-F800-4c08-8B7A-83BB121AAD01}</UniqueIdentifier>
      <Extensions>rc;ico;cur;bmp;dlg;rc2;rct;bin;rgs;gif;jpg;jpeg;jpe;resx;tiff;tif;png;wav;mfcribbon-ms</Extensions>
    </Filter>
    <Filter Include="Header Files\Math">
      <UniqueIdentifier>{b7977c56-55e8-4068-a80f-7236e25059ce}</UniqueIdentifier>
    </Filter>
    <Filter Include="Header Files\Common">
      <UniqueIdentifier>{af066ce6-6d3f-4526-a4ed-ac01926eac67}</UniqueIdentifier>
    </Filter>
    <Filter Include="Header Files\States">
      <UniqueIdentifier>{f4906724-16f8-409d-b4d7-3a65f120a56e}</UniqueIdentifier>
    </Filter>
    <Filter Include="Header Files\FX">
      <UniqueIdentifier>{278452b0-2961-4529-a839-3505abaae1cb}</UniqueIdentifier>
    </Filter>
    <Filter Include="Header Files\Papageno">
      <UniqueIdentifier>{9103e396-ec21-4d97-9716-72a6f5372fff}</UniqueIdentifier>
    </Filter>
  </ItemGroup>
  <ItemGroup>
    <ClInclude Include="d3dUtil.h">
      <Filter>Header Files</Filter>
    </ClInclude>
    <ClInclude Include="DirectInput.h">
      <Filter>Header Files</Filter>
    </ClInclude>
    <ClInclude Include="Enums.h">
      <Filter>Header Files</Filter>
    </ClInclude>
    <ClInclude Include="GfxStats.h">
      <Filter>Header Files</Filter>
    </ClInclude>
    <ClInclude Include="Game.h">
      <Filter>Header Files</Filter>
    </ClInclude>
    <ClInclude Include="Runnable.h">
      <Filter>Header Files</Filter>
    </ClInclude>
    <ClInclude Include="Shape.h">
      <Filter>Header Files</Filter>
    </ClInclude>
    <ClInclude Include="Vertex.h">
      <Filter>Header Files</Filter>
    </ClInclude>
    <ClInclude Include="Vector.h">
      <Filter>Header Files\Math</Filter>
    </ClInclude>
    <ClInclude Include="Camera.h">
      <Filter>Header Files</Filter>
    </ClInclude>
    <ClInclude Include="BigMatrix.h">
      <Filter>Header Files\Math</Filter>
    </ClInclude>
    <ClInclude Include="RigidBody.h">
      <Filter>Header Files\Papageno</Filter>
    </ClInclude>
    <ClInclude Include="Maths.h">
      <Filter>Header Files\Math</Filter>
    </ClInclude>
    <ClInclude Include="MouseBox.h">
      <Filter>Header Files</Filter>
    </ClInclude>
    <ClInclude Include="Menu.h">
      <Filter>Header Files\Common</Filter>
    </ClInclude>
    <ClInclude Include="MainMenu.h">
      <Filter>Header Files\States</Filter>
    </ClInclude>
    <ClInclude Include="GameState.h">
      <Filter>Header Files\Common</Filter>
    </ClInclude>
    <ClInclude Include="Sandbox.h">
      <Filter>Header Files\States</Filter>
    </ClInclude>
    <ClInclude Include="About.h">
      <Filter>Header Files\States</Filter>
    </ClInclude>
    <ClInclude Include="Help.h">
      <Filter>Header Files\States</Filter>
    </ClInclude>
    <ClInclude Include="Graphics.h">
      <Filter>Header Files\Common</Filter>
    </ClInclude>
    <ClInclude Include="Effects.h">
      <Filter>Header Files\FX</Filter>
    </ClInclude>
    <ClInclude Include="ScrollBox.h">
      <Filter>Header Files\Common</Filter>
    </ClInclude>
    <ClInclude Include="World.h">
      <Filter>Header Files\Papageno</Filter>
    </ClInclude>
    <ClInclude Include="Arbiter.h">
      <Filter>Header Files\Papageno</Filter>
    </ClInclude>
  </ItemGroup>
  <ItemGroup>
    <ClCompile Include="Camera.cpp">
      <Filter>Source Files</Filter>
    </ClCompile>
    <ClCompile Include="DirectInput.cpp">
      <Filter>Source Files</Filter>
    </ClCompile>
    <ClCompile Include="Game.cpp">
      <Filter>Source Files</Filter>
    </ClCompile>
    <ClCompile Include="GfxStats.cpp">
      <Filter>Source Files</Filter>
    </ClCompile>
    <ClCompile Include="Runnable.cpp">
      <Filter>Source Files</Filter>
    </ClCompile>
    <ClCompile Include="Shape.cpp">
      <Filter>Source Files</Filter>
    </ClCompile>
    <ClCompile Include="Vertex.cpp">
      <Filter>Source Files</Filter>
    </ClCompile>
    <ClCompile Include="RigidBody.cpp">
      <Filter>Header Files\Papageno</Filter>
    </ClCompile>
    <ClCompile Include="Collision.cpp">
      <Filter>Header Files</Filter>
    </ClCompile>
    <ClCompile Include="MouseBox.cpp">
      <Filter>Source Files</Filter>
    </ClCompile>
    <ClCompile Include="Menu.cpp">
      <Filter>Header Files\Common</Filter>
    </ClCompile>
    <ClCompile Include="MainMenu.cpp">
      <Filter>Header Files\States</Filter>
    </ClCompile>
    <ClCompile Include="Sanbox.cpp">
      <Filter>Header Files\States</Filter>
    </ClCompile>
    <ClCompile Include="About.cpp">
      <Filter>Header Files\States</Filter>
    </ClCompile>
    <ClCompile Include="Help.cpp">
      <Filter>Header Files\States</Filter>
    </ClCompile>
    <ClCompile Include="Graphics.cpp">
      <Filter>Header Files\Common</Filter>
    </ClCompile>
    <ClCompile Include="Effects.cpp">
      <Filter>Header Files\FX</Filter>
    </ClCompile>
    <ClCompile Include="ScrollBox.cpp">
      <Filter>Header Files\Common</Filter>
    </ClCompile>
    <ClCompile Include="World.cpp">
      <Filter>Header Files\Papageno</Filter>
    </ClCompile>
    <ClCompile Include="Arbiter.cpp">
      <Filter>Header Files\Papageno</Filter>
    </ClCompile>
  </ItemGroup>
  <ItemGroup>
    <None Include="hollow_circle.fx">
      <Filter>Header Files\FX</Filter>
    </None>
    <None Include="curved_rect.fx">
      <Filter>Header Files\FX</Filter>
    </None>
    <None Include="glow_spot.fx">
      <Filter>Header Files\FX</Filter>
    </None>
    <None Include="border_rect.fx">
      <Filter>Header Files\FX</Filter>
    </None>
    <None Include="scroll_effect.fx">
      <Filter>Header Files\FX</Filter>
    </None>
  </ItemGroup>
</Project>